
Microsoft Visual Studio Solution File, Format Version 12.00
# Visual Studio Version 16
VisualStudioVersion = 25.0.1700.6
MinimumVisualStudioVersion = 10.0.40219.1
Project("{FAE04EC0-301F-11D3-BF4B-00C04F79EFBC}") = "Election", "Election.csproj", "{09C887AC-C83D-497C-AE09-257813C154B8}"
EndProject
Global
	GlobalSection(SolutionConfigurationPlatforms) = preSolution
		Debug|Any CPU = Debug|Any CPU
		Release|Any CPU = Release|Any CPU
	EndGlobalSection
	GlobalSection(ProjectConfigurationPlatforms) = postSolution
		{09C887AC-C83D-497C-AE09-257813C154B8}.Debug|Any CPU.ActiveCfg = Debug|Any CPU
		{09C887AC-C83D-497C-AE09-257813C154B8}.Debug|Any CPU.Build.0 = Debug|Any CPU
		{09C887AC-C83D-497C-AE09-257813C154B8}.Release|Any CPU.ActiveCfg = Release|Any CPU
		{09C887AC-C83D-497C-AE09-257813C154B8}.Release|Any CPU.Build.0 = Release|Any CPU
	EndGlobalSection
	GlobalSection(SolutionProperties) = preSolution
		HideSolutionNode = FALSE
	EndGlobalSection
	GlobalSection(ExtensibilityGlobals) = postSolution
		SolutionGuid = {0F845EEE-718C-4EFC-9A2F-081A3DB01D78}
	EndGlobalSection
EndGlobal
